<?xml version="1.0" encoding="utf-8"?>
<Project ToolsVersion="4.0" xmlns="http://schemas.microsoft.com/developer/msbuild/2003">
  <ItemGroup>
    <Filter Include="Source Files">
      <UniqueIdentifier>{d33dc9d0-f150-48dc-b63c-0d7821cea056}</UniqueIdentifier>
    </Filter>
    <Filter Include="Libs">
      <UniqueIdentifier>{affc543b-2026-47b7-8f99-7e60c6d9a7d5}</UniqueIdentifier>
    </Filter>
    <Filter Include="Header Files">
      <UniqueIdentifier>{2a318a95-f16e-464c-87d7-e9b67f7ff070}</UniqueIdentifier>
    </Filter>
  </ItemGroup>
  <ItemGroup>
    <ClCompile Include="..\PREC.cpp">
      <Filter>Source Files</Filter>
    </ClCompile>
  </ItemGroup>
  <ItemGroup>
    <ClInclude Include="..\common.h">
      <Filter>Header Files</Filter>
    </ClInclude>
    <ClInclude Include="..\ConCommand.h">
      <Filter>Header Files</Filter>
    </ClInclude>
    <ClInclude Include="..\define.h">
      <Filter>Header Files</Filter>
    </ClInclude>
    <ClInclude Include="..\Events.h">
      <Filter>Header Files</Filter>
    </ClInclude>
    <ClInclude Include="..\MyThreads.h">
      <Filter>Header Files</Filter>
    </ClInclude>
    <ClInclude Include="..\PREC.h">
      <Filter>Header Files</Filter>
    </ClInclude>
    <ClInclude Include="..\PREC_vars.h">
      <Filter>Header Files</Filter>
    </ClInclude>
  </ItemGroup>
  <ItemGroup>
    <Library Include="..\..\source-sdk-2013\mp\src\lib\public\bitmap.lib">
      <Filter>Libs</Filter>
    </Library>
    <Library Include="..\..\source-sdk-2013\mp\src\lib\public\choreoobjects.lib">
      <Filter>Libs</Filter>
    </Library>
    <Library Include="..\..\source-sdk-2013\mp\src\lib\public\dmxloader.lib">
      <Filter>Libs</Filter>
    </Library>
    <Library Include="..\..\source-sdk-2013\mp\src\lib\public\mathlib.lib">
      <Filter>Libs</Filter>
    </Library>
    <Library Include="..\..\source-sdk-2013\mp\src\lib\public\matsys_controls.lib">
      <Filter>Libs</Filter>
    </Library>
    <Library Include="..\..\source-sdk-2013\mp\src\lib\public\nvtristrip.lib">
      <Filter>Libs</Filter>
    </Library>
    <Library Include="..\..\source-sdk-2013\mp\src\lib\public\particles.lib">
      <Filter>Libs</Filter>
    </Library>
    <Library Include="..\..\source-sdk-2013\mp\src\lib\public\raytrace.lib">
      <Filter>Libs</Filter>
    </Library>
    <Library Include="..\..\source-sdk-2013\mp\src\lib\public\steam_api.lib">
      <Filter>Libs</Filter>
    </Library>
    <Library Include="..\..\source-sdk-2013\mp\src\lib\public\tier0.lib">
      <Filter>Libs</Filter>
    </Library>
    <Library Include="..\..\source-sdk-2013\mp\src\lib\public\tier1.lib">
      <Filter>Libs</Filter>
    </Library>
    <Library Include="..\..\source-sdk-2013\mp\src\lib\public\tier2.lib">
      <Filter>Libs</Filter>
    </Library>
    <Library Include="..\..\source-sdk-2013\mp\src\lib\public\tier3.lib">
      <Filter>Libs</Filter>
    </Library>
    <Library Include="..\..\source-sdk-2013\mp\src\lib\public\vgui_controls.lib">
      <Filter>Libs</Filter>
    </Library>
    <Library Include="..\..\source-sdk-2013\mp\src\lib\public\vmpi.lib">
      <Filter>Libs</Filter>
    </Library>
    <Library Include="..\..\source-sdk-2013\mp\src\lib\public\vstdlib.lib">
      <Filter>Libs</Filter>
    </Library>
    <Library Include="..\..\source-sdk-2013\mp\src\lib\public\vtf.lib">
      <Filter>Libs</Filter>
    </Library>
  </ItemGroup>
</Project>